
Microsoft Visual Studio Solution File, Format Version 12.00
# Visual Studio Version 17
VisualStudioVersion = 17.9.34714.143
MinimumVisualStudioVersion = 10.0.40219.1
Project("{8BC9CEB8-8B4A-11D0-8D11-00A0C91BC942}") = "Initialitation", "Initialitation\Initialitation.vcxproj", "{365CB802-722B-41E4-82C8-3A86F6D02E4E}"
EndProject
Project("{8BC9CEB8-8B4A-11D0-8D11-00A0C91BC942}") = "Composition", "Composition\Composition.vcxproj", "{71FCAEF3-0C73-4EEB-A7F3-039BA5B8CC9B}"
EndProject
Project("{8BC9CEB8-8B4A-11D0-8D11-00A0C91BC942}") = "Aggregation", "Aggregation\Aggregation.vcxproj", "{B3C09E9A-924B-4BD8-8219-EE300774A7E9}"
EndProject
Global
	GlobalSection(SolutionConfigurationPlatforms) = preSolution
		Debug|x64 = Debug|x64
		Debug|x86 = Debug|x86
		Release|x64 = Release|x64
		Release|x86 = Release|x86
	EndGlobalSection
	GlobalSection(ProjectConfigurationPlatforms) = postSolution
		{365CB802-722B-41E4-82C8-3A86F6D02E4E}.Debug|x64.ActiveCfg = Debug|x64
		{365CB802-722B-41E4-82C8-3A86F6D02E4E}.Debug|x64.Build.0 = Debug|x64
		{365CB802-722B-41E4-82C8-3A86F6D02E4E}.Debug|x86.ActiveCfg = Debug|Win32
		{365CB802-722B-41E4-82C8-3A86F6D02E4E}.Debug|x86.Build.0 = Debug|Win32
		{365CB802-722B-41E4-82C8-3A86F6D02E4E}.Release|x64.ActiveCfg = Release|x64
		{365CB802-722B-41E4-82C8-3A86F6D02E4E}.Release|x64.Build.0 = Release|x64
		{365CB802-722B-41E4-82C8-3A86F6D02E4E}.Release|x86.ActiveCfg = Release|Win32
		{365CB802-722B-41E4-82C8-3A86F6D02E4E}.Release|x86.Build.0 = Release|Win32
		{71FCAEF3-0C73-4EEB-A7F3-039BA5B8CC9B}.Debug|x64.ActiveCfg = Debug|x64
		{71FCAEF3-0C73-4EEB-A7F3-039BA5B8CC9B}.Debug|x64.Build.0 = Debug|x64
		{71FCAEF3-0C73-4EEB-A7F3-039BA5B8CC9B}.Debug|x86.ActiveCfg = Debug|Win32
		{71FCAEF3-0C73-4EEB-A7F3-039BA5B8CC9B}.Debug|x86.Build.0 = Debug|Win32
		{71FCAEF3-0C73-4EEB-A7F3-039BA5B8CC9B}.Release|x64.ActiveCfg = Release|x64
		{71FCAEF3-0C73-4EEB-A7F3-039BA5B8CC9B}.Release|x64.Build.0 = Release|x64
		{71FCAEF3-0C73-4EEB-A7F3-039BA5B8CC9B}.Release|x86.ActiveCfg = Release|Win32
		{71FCAEF3-0C73-4EEB-A7F3-039BA5B8CC9B}.Release|x86.Build.0 = Release|Win32
		{B3C09E9A-924B-4BD8-8219-EE300774A7E9}.Debug|x64.ActiveCfg = Debug|x64
		{B3C09E9A-924B-4BD8-8219-EE300774A7E9}.Debug|x64.Build.0 = Debug|x64
		{B3C09E9A-924B-4BD8-8219-EE300774A7E9}.Debug|x86.ActiveCfg = Debug|Win32
		{B3C09E9A-924B-4BD8-8219-EE300774A7E9}.Debug|x86.Build.0 = Debug|Win32
		{B3C09E9A-924B-4BD8-8219-EE300774A7E9}.Release|x64.ActiveCfg = Release|x64
		{B3C09E9A-924B-4BD8-8219-EE300774A7E9}.Release|x64.Build.0 = Release|x64
		{B3C09E9A-924B-4BD8-8219-EE300774A7E9}.Release|x86.ActiveCfg = Release|Win32
		{B3C09E9A-924B-4BD8-8219-EE300774A7E9}.Release|x86.Build.0 = Release|Win32
	EndGlobalSection
	GlobalSection(SolutionProperties) = preSolution
		HideSolutionNode = FALSE
	EndGlobalSection
	GlobalSection(ExtensibilityGlobals) = postSolution
		SolutionGuid = {D5205BF4-F4A2-4EFF-A31A-B751C84A9FE2}
	EndGlobalSection
EndGlobal
